
Microsoft Visual Studio Solution File, Format Version 12.00
# Visual Studio 15
VisualStudioVersion = 15.0.28307.271
MinimumVisualStudioVersion = 10.0.40219.1
Project("{FAE04EC0-301F-11D3-BF4B-00C04F79EFBC}") = "BionicEyeXamarin.Android", "BionicEyeXamarin\BionicEyeXamarin.Android\BionicEyeXamarin.Android.csproj", "{F91F2212-AAE8-40FC-8CF5-9F09F155CD2B}"
EndProject
Project("{9A19103F-16F7-4668-BE54-9A1E7A4F7556}") = "BionicEyeXamarin", "BionicEyeXamarin\BionicEyeXamarin\BionicEyeXamarin.csproj", "{5DCA49CE-694D-47F9-896A-11A913CCBE05}"
EndProject
Project("{9A19103F-16F7-4668-BE54-9A1E7A4F7556}") = "AzureServices", "..\AzureServices\AzureServices\AzureServices.csproj", "{B4BBBF26-EADC-4EE3-B6B5-8FB27469C15F}"
EndProject
Project("{FAE04EC0-301F-11D3-BF4B-00C04F79EFBC}") = "GraphHooperConnector", "..\GraphHooperExample\GraphHooperConnector\GraphHooperConnector.csproj", "{1CCAE87F-F8ED-4C64-A272-A1F5E19FD0F4}"
EndProject
Global
	GlobalSection(SolutionConfigurationPlatforms) = preSolution
		Debug|Any CPU = Debug|Any CPU
		Release|Any CPU = Release|Any CPU
	EndGlobalSection
	GlobalSection(ProjectConfigurationPlatforms) = postSolution
		{F91F2212-AAE8-40FC-8CF5-9F09F155CD2B}.Debug|Any CPU.ActiveCfg = Debug|Any CPU
		{F91F2212-AAE8-40FC-8CF5-9F09F155CD2B}.Debug|Any CPU.Build.0 = Debug|Any CPU
		{F91F2212-AAE8-40FC-8CF5-9F09F155CD2B}.Debug|Any CPU.Deploy.0 = Debug|Any CPU
		{F91F2212-AAE8-40FC-8CF5-9F09F155CD2B}.Release|Any CPU.ActiveCfg = Release|Any CPU
		{F91F2212-AAE8-40FC-8CF5-9F09F155CD2B}.Release|Any CPU.Build.0 = Release|Any CPU
		{F91F2212-AAE8-40FC-8CF5-9F09F155CD2B}.Release|Any CPU.Deploy.0 = Release|Any CPU
		{5DCA49CE-694D-47F9-896A-11A913CCBE05}.Debug|Any CPU.ActiveCfg = Debug|Any CPU
		{5DCA49CE-694D-47F9-896A-11A913CCBE05}.Debug|Any CPU.Build.0 = Debug|Any CPU
		{5DCA49CE-694D-47F9-896A-11A913CCBE05}.Debug|Any CPU.Deploy.0 = Debug|Any CPU
		{5DCA49CE-694D-47F9-896A-11A913CCBE05}.Release|Any CPU.ActiveCfg = Release|Any CPU
		{5DCA49CE-694D-47F9-896A-11A913CCBE05}.Release|Any CPU.Build.0 = Release|Any CPU
		{5DCA49CE-694D-47F9-896A-11A913CCBE05}.Release|Any CPU.Deploy.0 = Release|Any CPU
		{B4BBBF26-EADC-4EE3-B6B5-8FB27469C15F}.Debug|Any CPU.ActiveCfg = Debug|Any CPU
		{B4BBBF26-EADC-4EE3-B6B5-8FB27469C15F}.Debug|Any CPU.Build.0 = Debug|Any CPU
		{B4BBBF26-EADC-4EE3-B6B5-8FB27469C15F}.Release|Any CPU.ActiveCfg = Release|Any CPU
		{B4BBBF26-EADC-4EE3-B6B5-8FB27469C15F}.Release|Any CPU.Build.0 = Release|Any CPU
		{1CCAE87F-F8ED-4C64-A272-A1F5E19FD0F4}.Debug|Any CPU.ActiveCfg = Debug|Any CPU
		{1CCAE87F-F8ED-4C64-A272-A1F5E19FD0F4}.Debug|Any CPU.Build.0 = Debug|Any CPU
		{1CCAE87F-F8ED-4C64-A272-A1F5E19FD0F4}.Release|Any CPU.ActiveCfg = Release|Any CPU
		{1CCAE87F-F8ED-4C64-A272-A1F5E19FD0F4}.Release|Any CPU.Build.0 = Release|Any CPU
	EndGlobalSection
	GlobalSection(SolutionProperties) = preSolution
		HideSolutionNode = FALSE
	EndGlobalSection
	GlobalSection(ExtensibilityGlobals) = postSolution
		SolutionGuid = {6A4672CC-7C00-42CB-976B-A367C51C3B4C}
	EndGlobalSection
EndGlobal
